
Microsoft Visual Studio Solution File, Format Version 12.00
# Visual Studio Version 16
VisualStudioVersion = 16.0.31729.503
MinimumVisualStudioVersion = 10.0.40219.1
Project("{FAE04EC0-301F-11D3-BF4B-00C04F79EFBC}") = "DisconnectedEnvironment", "DisconnectedEnvironment\DisconnectedEnvironment.csproj", "{AEE7EC1A-4355-4794-BD07-430368254B10}"
EndProject
Global
	GlobalSection(SolutionConfigurationPlatforms) = preSolution
		Debug|Any CPU = Debug|Any CPU
		Release|Any CPU = Release|Any CPU
	EndGlobalSection
	GlobalSection(ProjectConfigurationPlatforms) = postSolution
		{AEE7EC1A-4355-4794-BD07-430368254B10}.Debug|Any CPU.ActiveCfg = Debug|Any CPU
		{AEE7EC1A-4355-4794-BD07-430368254B10}.Debug|Any CPU.Build.0 = Debug|Any CPU
		{AEE7EC1A-4355-4794-BD07-430368254B10}.Release|Any CPU.ActiveCfg = Release|Any CPU
		{AEE7EC1A-4355-4794-BD07-430368254B10}.Release|Any CPU.Build.0 = Release|Any CPU
	EndGlobalSection
	GlobalSection(SolutionProperties) = preSolution
		HideSolutionNode = FALSE
	EndGlobalSection
	GlobalSection(ExtensibilityGlobals) = postSolution
		SolutionGuid = {5F7069E8-10B4-4589-85FB-F9675FBC2989}
	EndGlobalSection
EndGlobal
